
Microsoft Visual Studio Solution File, Format Version 12.00
# Visual Studio Version 17
VisualStudioVersion = 17.5.33516.290
MinimumVisualStudioVersion = 10.0.40219.1
Project("{2150E333-8FDC-42A3-9474-1A3956D46DE8}") = "01.EnterpriseBusinessRules", "01.EnterpriseBusinessRules", "{BE9CEA6C-6B9C-4B53-89C7-5BDE64C32CDF}"
EndProject
Project("{2150E333-8FDC-42A3-9474-1A3956D46DE8}") = "02.ApplicationsBusinessRules", "02.ApplicationsBusinessRules", "{22674610-0CFA-454A-8C87-43CBE63BA9AC}"
EndProject
Project("{2150E333-8FDC-42A3-9474-1A3956D46DE8}") = "BusinesObject", "BusinesObject", "{2092AF9C-F4A8-4775-A185-823F802BD5F4}"
EndProject
Project("{2150E333-8FDC-42A3-9474-1A3956D46DE8}") = "03.Interface Adapters", "03.Interface Adapters", "{32756663-8D2A-41E5-B714-8B1EF6E8F4C1}"
EndProject
Project("{2150E333-8FDC-42A3-9474-1A3956D46DE8}") = "Controllers", "Controllers", "{1E7DBE29-284F-4983-94D4-5CD13092E6F4}"
EndProject
Project("{2150E333-8FDC-42A3-9474-1A3956D46DE8}") = "Getways", "Getways", "{288D91C2-92BA-4869-8B86-E8EEACFB654E}"
EndProject
Project("{2150E333-8FDC-42A3-9474-1A3956D46DE8}") = "Presenters", "Presenters", "{77E5E750-CFFF-4AFB-8683-E59FFA3EE310}"
EndProject
Project("{2150E333-8FDC-42A3-9474-1A3956D46DE8}") = "04.Frameworks&Drivers", "04.Frameworks&Drivers", "{E2A0EA68-E4C1-4F10-9B38-017F0F49088B}"
EndProject
Project("{2150E333-8FDC-42A3-9474-1A3956D46DE8}") = "SRC", "SRC", "{ECB8179F-B51F-40CE-827C-98624964EBD1}"
EndProject
Project("{9A19103F-16F7-4668-BE54-9A1E7A4F7556}") = "LaPaulita.Entity", "LaPaulita.Core\LaPaulita.Entity.csproj", "{DD60CBFF-8FBB-404A-A228-EE62114783F4}"
EndProject
Project("{2150E333-8FDC-42A3-9474-1A3956D46DE8}") = "00.Core", "00.Core", "{4008D3DF-6263-4E49-BCB1-5DA9D3659106}"
EndProject
Project("{9A19103F-16F7-4668-BE54-9A1E7A4F7556}") = "LaPaulita.Sales.BusinessRules", "LaPaulita.Sales\LaPaulita.Sales.BusinessRules.csproj", "{6A990F00-CCDF-4CDA-A782-9697EEB2B4FD}"
EndProject
Project("{2150E333-8FDC-42A3-9474-1A3956D46DE8}") = "UsesCase", "UsesCase", "{2C5E8CA5-F2E9-48B5-B92C-411BFF714240}"
EndProject
Project("{9A19103F-16F7-4668-BE54-9A1E7A4F7556}") = "LaPaulita.Sales.UserCase", "LaPaulita.UsesCase\LaPaulita.Sales.UserCase.csproj", "{5AB5BF97-933F-411D-B9E0-5933F062A38F}"
EndProject
Project("{9A19103F-16F7-4668-BE54-9A1E7A4F7556}") = "LaPaulita.Sales.Controllers", "LaPaulita.Sales.Controllers\LaPaulita.Sales.Controllers.csproj", "{FB0DE433-5144-491C-B6A3-43424179EDB1}"
EndProject
Project("{9A19103F-16F7-4668-BE54-9A1E7A4F7556}") = "LaPaulita.Sales.Presenters", "LaPaulita.Sales.Presenters\LaPaulita.Sales.Presenters.csproj", "{8B5C3381-6323-4676-87C5-544B9A037EA5}"
EndProject
Project("{2150E333-8FDC-42A3-9474-1A3956D46DE8}") = "UIs", "UIs", "{B8B9FFBE-1723-49B2-B51B-E2830ED3EF90}"
EndProject
Project("{2150E333-8FDC-42A3-9474-1A3956D46DE8}") = "Repository", "Repository", "{4B739EFD-FD87-4C5C-8C53-26D25856DCC6}"
EndProject
Project("{9A19103F-16F7-4668-BE54-9A1E7A4F7556}") = "LaPaulita.Sales.Repositories", "LaPaulita.Sales.Repository\LaPaulita.Sales.Repositories.csproj", "{D6630246-4BE4-477B-9DDB-645D492316CD}"
EndProject
Project("{2150E333-8FDC-42A3-9474-1A3956D46DE8}") = "DependencyInversion", "DependencyInversion", "{C9FD6B19-68BD-43D4-981D-9501EBABC030}"
EndProject
Project("{9A19103F-16F7-4668-BE54-9A1E7A4F7556}") = "DependencyInversion", "DependencyInversion\DependencyInversion.csproj", "{960E91E0-F665-447B-9BFF-8E253C0DAC96}"
EndProject
Project("{9A19103F-16F7-4668-BE54-9A1E7A4F7556}") = "LaPaulita.Sales.WebApi", "LaPaulita.Sales.WebApi\LaPaulita.Sales.WebApi.csproj", "{B63B021F-87A0-4862-A53F-CA923FDFAC49}"
EndProject
Global
	GlobalSection(SolutionConfigurationPlatforms) = preSolution
		Debug|Any CPU = Debug|Any CPU
		Release|Any CPU = Release|Any CPU
	EndGlobalSection
	GlobalSection(ProjectConfigurationPlatforms) = postSolution
		{DD60CBFF-8FBB-404A-A228-EE62114783F4}.Debug|Any CPU.ActiveCfg = Debug|Any CPU
		{DD60CBFF-8FBB-404A-A228-EE62114783F4}.Debug|Any CPU.Build.0 = Debug|Any CPU
		{DD60CBFF-8FBB-404A-A228-EE62114783F4}.Release|Any CPU.ActiveCfg = Release|Any CPU
		{DD60CBFF-8FBB-404A-A228-EE62114783F4}.Release|Any CPU.Build.0 = Release|Any CPU
		{6A990F00-CCDF-4CDA-A782-9697EEB2B4FD}.Debug|Any CPU.ActiveCfg = Debug|Any CPU
		{6A990F00-CCDF-4CDA-A782-9697EEB2B4FD}.Debug|Any CPU.Build.0 = Debug|Any CPU
		{6A990F00-CCDF-4CDA-A782-9697EEB2B4FD}.Release|Any CPU.ActiveCfg = Release|Any CPU
		{6A990F00-CCDF-4CDA-A782-9697EEB2B4FD}.Release|Any CPU.Build.0 = Release|Any CPU
		{5AB5BF97-933F-411D-B9E0-5933F062A38F}.Debug|Any CPU.ActiveCfg = Debug|Any CPU
		{5AB5BF97-933F-411D-B9E0-5933F062A38F}.Debug|Any CPU.Build.0 = Debug|Any CPU
		{5AB5BF97-933F-411D-B9E0-5933F062A38F}.Release|Any CPU.ActiveCfg = Release|Any CPU
		{5AB5BF97-933F-411D-B9E0-5933F062A38F}.Release|Any CPU.Build.0 = Release|Any CPU
		{FB0DE433-5144-491C-B6A3-43424179EDB1}.Debug|Any CPU.ActiveCfg = Debug|Any CPU
		{FB0DE433-5144-491C-B6A3-43424179EDB1}.Debug|Any CPU.Build.0 = Debug|Any CPU
		{FB0DE433-5144-491C-B6A3-43424179EDB1}.Release|Any CPU.ActiveCfg = Release|Any CPU
		{FB0DE433-5144-491C-B6A3-43424179EDB1}.Release|Any CPU.Build.0 = Release|Any CPU
		{8B5C3381-6323-4676-87C5-544B9A037EA5}.Debug|Any CPU.ActiveCfg = Debug|Any CPU
		{8B5C3381-6323-4676-87C5-544B9A037EA5}.Debug|Any CPU.Build.0 = Debug|Any CPU
		{8B5C3381-6323-4676-87C5-544B9A037EA5}.Release|Any CPU.ActiveCfg = Release|Any CPU
		{8B5C3381-6323-4676-87C5-544B9A037EA5}.Release|Any CPU.Build.0 = Release|Any CPU
		{D6630246-4BE4-477B-9DDB-645D492316CD}.Debug|Any CPU.ActiveCfg = Debug|Any CPU
		{D6630246-4BE4-477B-9DDB-645D492316CD}.Debug|Any CPU.Build.0 = Debug|Any CPU
		{D6630246-4BE4-477B-9DDB-645D492316CD}.Release|Any CPU.ActiveCfg = Release|Any CPU
		{D6630246-4BE4-477B-9DDB-645D492316CD}.Release|Any CPU.Build.0 = Release|Any CPU
		{960E91E0-F665-447B-9BFF-8E253C0DAC96}.Debug|Any CPU.ActiveCfg = Debug|Any CPU
		{960E91E0-F665-447B-9BFF-8E253C0DAC96}.Debug|Any CPU.Build.0 = Debug|Any CPU
		{960E91E0-F665-447B-9BFF-8E253C0DAC96}.Release|Any CPU.ActiveCfg = Release|Any CPU
		{960E91E0-F665-447B-9BFF-8E253C0DAC96}.Release|Any CPU.Build.0 = Release|Any CPU
		{B63B021F-87A0-4862-A53F-CA923FDFAC49}.Debug|Any CPU.ActiveCfg = Debug|Any CPU
		{B63B021F-87A0-4862-A53F-CA923FDFAC49}.Debug|Any CPU.Build.0 = Debug|Any CPU
		{B63B021F-87A0-4862-A53F-CA923FDFAC49}.Release|Any CPU.ActiveCfg = Release|Any CPU
		{B63B021F-87A0-4862-A53F-CA923FDFAC49}.Release|Any CPU.Build.0 = Release|Any CPU
	EndGlobalSection
	GlobalSection(SolutionProperties) = preSolution
		HideSolutionNode = FALSE
	EndGlobalSection
	GlobalSection(NestedProjects) = preSolution
		{BE9CEA6C-6B9C-4B53-89C7-5BDE64C32CDF} = {4008D3DF-6263-4E49-BCB1-5DA9D3659106}
		{22674610-0CFA-454A-8C87-43CBE63BA9AC} = {4008D3DF-6263-4E49-BCB1-5DA9D3659106}
		{2092AF9C-F4A8-4775-A185-823F802BD5F4} = {22674610-0CFA-454A-8C87-43CBE63BA9AC}
		{32756663-8D2A-41E5-B714-8B1EF6E8F4C1} = {ECB8179F-B51F-40CE-827C-98624964EBD1}
		{1E7DBE29-284F-4983-94D4-5CD13092E6F4} = {32756663-8D2A-41E5-B714-8B1EF6E8F4C1}
		{288D91C2-92BA-4869-8B86-E8EEACFB654E} = {32756663-8D2A-41E5-B714-8B1EF6E8F4C1}
		{77E5E750-CFFF-4AFB-8683-E59FFA3EE310} = {32756663-8D2A-41E5-B714-8B1EF6E8F4C1}
		{E2A0EA68-E4C1-4F10-9B38-017F0F49088B} = {ECB8179F-B51F-40CE-827C-98624964EBD1}
		{DD60CBFF-8FBB-404A-A228-EE62114783F4} = {BE9CEA6C-6B9C-4B53-89C7-5BDE64C32CDF}
		{4008D3DF-6263-4E49-BCB1-5DA9D3659106} = {ECB8179F-B51F-40CE-827C-98624964EBD1}
		{6A990F00-CCDF-4CDA-A782-9697EEB2B4FD} = {2092AF9C-F4A8-4775-A185-823F802BD5F4}
		{2C5E8CA5-F2E9-48B5-B92C-411BFF714240} = {22674610-0CFA-454A-8C87-43CBE63BA9AC}
		{5AB5BF97-933F-411D-B9E0-5933F062A38F} = {2C5E8CA5-F2E9-48B5-B92C-411BFF714240}
		{FB0DE433-5144-491C-B6A3-43424179EDB1} = {1E7DBE29-284F-4983-94D4-5CD13092E6F4}
		{8B5C3381-6323-4676-87C5-544B9A037EA5} = {77E5E750-CFFF-4AFB-8683-E59FFA3EE310}
		{B8B9FFBE-1723-49B2-B51B-E2830ED3EF90} = {E2A0EA68-E4C1-4F10-9B38-017F0F49088B}
		{4B739EFD-FD87-4C5C-8C53-26D25856DCC6} = {288D91C2-92BA-4869-8B86-E8EEACFB654E}
		{D6630246-4BE4-477B-9DDB-645D492316CD} = {4B739EFD-FD87-4C5C-8C53-26D25856DCC6}
		{C9FD6B19-68BD-43D4-981D-9501EBABC030} = {32756663-8D2A-41E5-B714-8B1EF6E8F4C1}
		{960E91E0-F665-447B-9BFF-8E253C0DAC96} = {C9FD6B19-68BD-43D4-981D-9501EBABC030}
		{B63B021F-87A0-4862-A53F-CA923FDFAC49} = {B8B9FFBE-1723-49B2-B51B-E2830ED3EF90}
	EndGlobalSection
	GlobalSection(ExtensibilityGlobals) = postSolution
		SolutionGuid = {958568F4-A469-4645-9B0D-348FB217030D}
	EndGlobalSection
EndGlobal
